
Microsoft Visual Studio Solution File, Format Version 12.00
# Visual Studio Version 16
VisualStudioVersion = 16.0.31729.503
MinimumVisualStudioVersion = 10.0.40219.1
Project("{FAE04EC0-301F-11D3-BF4B-00C04F79EFBC}") = "RankPanel_Class", "RankPanel_Class.csproj", "{8235E6A4-27B1-42DB-8A7A-0689162D3172}"
EndProject
Global
	GlobalSection(SolutionConfigurationPlatforms) = preSolution
		Debug|Any CPU = Debug|Any CPU
		Release|Any CPU = Release|Any CPU
	EndGlobalSection
	GlobalSection(ProjectConfigurationPlatforms) = postSolution
		{8235E6A4-27B1-42DB-8A7A-0689162D3172}.Debug|Any CPU.ActiveCfg = Debug|Any CPU
		{8235E6A4-27B1-42DB-8A7A-0689162D3172}.Debug|Any CPU.Build.0 = Debug|Any CPU
		{8235E6A4-27B1-42DB-8A7A-0689162D3172}.Release|Any CPU.ActiveCfg = Release|Any CPU
		{8235E6A4-27B1-42DB-8A7A-0689162D3172}.Release|Any CPU.Build.0 = Release|Any CPU
	EndGlobalSection
	GlobalSection(SolutionProperties) = preSolution
		HideSolutionNode = FALSE
	EndGlobalSection
	GlobalSection(ExtensibilityGlobals) = postSolution
		SolutionGuid = {BBA1C39B-E983-4F15-851C-B73AA596478D}
	EndGlobalSection
EndGlobal
