
Microsoft Visual Studio Solution File, Format Version 12.00
# Visual Studio Version 16
VisualStudioVersion = 16.0.31729.503
MinimumVisualStudioVersion = 10.0.40219.1
Project("{FAE04EC0-301F-11D3-BF4B-00C04F79EFBC}") = "JX_Rank_Patch", "JX_Rank_Patch.csproj", "{A15368CC-E0F9-4017-9D62-8BF249F06017}"
EndProject
Global
	GlobalSection(SolutionConfigurationPlatforms) = preSolution
		Debug|Any CPU = Debug|Any CPU
		Release|Any CPU = Release|Any CPU
	EndGlobalSection
	GlobalSection(ProjectConfigurationPlatforms) = postSolution
		{A15368CC-E0F9-4017-9D62-8BF249F06017}.Debug|Any CPU.ActiveCfg = Debug|Any CPU
		{A15368CC-E0F9-4017-9D62-8BF249F06017}.Debug|Any CPU.Build.0 = Debug|Any CPU
		{A15368CC-E0F9-4017-9D62-8BF249F06017}.Release|Any CPU.ActiveCfg = Release|Any CPU
		{A15368CC-E0F9-4017-9D62-8BF249F06017}.Release|Any CPU.Build.0 = Release|Any CPU
	EndGlobalSection
	GlobalSection(SolutionProperties) = preSolution
		HideSolutionNode = FALSE
	EndGlobalSection
	GlobalSection(ExtensibilityGlobals) = postSolution
		SolutionGuid = {4B440BA7-4ADD-47C8-BA4C-50ACB7DCDE20}
	EndGlobalSection
EndGlobal
