
Microsoft Visual Studio Solution File, Format Version 12.00
# Visual Studio Version 16
VisualStudioVersion = 16.0.31702.278
MinimumVisualStudioVersion = 10.0.40219.1
Project("{9A19103F-16F7-4668-BE54-9A1E7A4F7556}") = "JX_Decode_Plugin", "JX_Decode_Plugin.csproj", "{258E1F4D-6DFF-4217-88EB-69C291A96D40}"
EndProject
Global
	GlobalSection(SolutionConfigurationPlatforms) = preSolution
		Debug|Any CPU = Debug|Any CPU
		Release|Any CPU = Release|Any CPU
	EndGlobalSection
	GlobalSection(ProjectConfigurationPlatforms) = postSolution
		{258E1F4D-6DFF-4217-88EB-69C291A96D40}.Debug|Any CPU.ActiveCfg = Release|Any CPU
		{258E1F4D-6DFF-4217-88EB-69C291A96D40}.Debug|Any CPU.Build.0 = Release|Any CPU
		{258E1F4D-6DFF-4217-88EB-69C291A96D40}.Release|Any CPU.ActiveCfg = Release|Any CPU
		{258E1F4D-6DFF-4217-88EB-69C291A96D40}.Release|Any CPU.Build.0 = Release|Any CPU
	EndGlobalSection
	GlobalSection(SolutionProperties) = preSolution
		HideSolutionNode = FALSE
	EndGlobalSection
	GlobalSection(ExtensibilityGlobals) = postSolution
		SolutionGuid = {6A474D81-5FA8-4C6B-98B7-936C0A01EEC1}
	EndGlobalSection
EndGlobal
