Microsoft Visual Studio Solution File, Format Version 11.00
# Visual Studio 2008

Project("{05BBB43B-3D92-3283-E0B6-FFAFD088F41F}") = "Components", "Assembly-CSharp.csproj", "{AB15D135-1F18-BB89-9126-E1A4C4EF01B1}"
EndProject
Project("{05BBB43B-3D92-3283-E0B6-FFAFD088F41F}") = "Components", "Assembly-CSharp-Editor.csproj", "{840C7347-0A26-C010-E405-26F8E885D3E8}"
EndProject
Global
	GlobalSection(SolutionConfigurationPlatforms) = preSolution
		Debug|Any CPU = Debug|Any CPU
		Release|Any CPU = Release|Any CPU
	EndGlobalSection
	GlobalSection(ProjectConfigurationPlatforms) = postSolution
		{AB15D135-1F18-BB89-9126-E1A4C4EF01B1}.Debug|Any CPU.ActiveCfg = Debug|Any CPU
		{AB15D135-1F18-BB89-9126-E1A4C4EF01B1}.Debug|Any CPU.Build.0 = Debug|Any CPU
		{AB15D135-1F18-BB89-9126-E1A4C4EF01B1}.Release|Any CPU.ActiveCfg = Release|Any CPU
		{AB15D135-1F18-BB89-9126-E1A4C4EF01B1}.Release|Any CPU.Build.0 = Release|Any CPU
		{840C7347-0A26-C010-E405-26F8E885D3E8}.Debug|Any CPU.ActiveCfg = Debug|Any CPU
		{840C7347-0A26-C010-E405-26F8E885D3E8}.Debug|Any CPU.Build.0 = Debug|Any CPU
		{840C7347-0A26-C010-E405-26F8E885D3E8}.Release|Any CPU.ActiveCfg = Release|Any CPU
		{840C7347-0A26-C010-E405-26F8E885D3E8}.Release|Any CPU.Build.0 = Release|Any CPU
	EndGlobalSection
	GlobalSection(SolutionProperties) = preSolution
		HideSolutionNode = FALSE
	EndGlobalSection
	
EndGlobal
