
Microsoft Visual Studio Solution File, Format Version 12.00
# Visual Studio Version 16
VisualStudioVersion = 16.0.31729.503
MinimumVisualStudioVersion = 10.0.40219.1
Project("{9A19103F-16F7-4668-BE54-9A1E7A4F7556}") = "PatchMod", "PatchMod\PatchMod.csproj", "{A15368CC-E0F9-4017-9D62-8BF249F06017}"
EndProject
Project("{9A19103F-16F7-4668-BE54-9A1E7A4F7556}") = "BundleLoader", "BundleLoader\BundleLoader.csproj", "{5054D6AB-0402-43EA-9CC3-4077E5D8D912}"
	ProjectSection(ProjectDependencies) = postProject
		{9BDB447F-54A3-4049-9009-7A0F9C4EF4DA} = {9BDB447F-54A3-4049-9009-7A0F9C4EF4DA}
	EndProjectSection
EndProject
Project("{FAE04EC0-301F-11D3-BF4B-00C04F79EFBC}") = "PatchModInfo", "PatchModInfo\PatchModInfo.csproj", "{9BDB447F-54A3-4049-9009-7A0F9C4EF4DA}"
EndProject
Global
	GlobalSection(SolutionConfigurationPlatforms) = preSolution
		Debug|Any CPU = Debug|Any CPU
		Release|Any CPU = Release|Any CPU
	EndGlobalSection
	GlobalSection(ProjectConfigurationPlatforms) = postSolution
		{A15368CC-E0F9-4017-9D62-8BF249F06017}.Debug|Any CPU.ActiveCfg = Debug|Any CPU
		{A15368CC-E0F9-4017-9D62-8BF249F06017}.Debug|Any CPU.Build.0 = Debug|Any CPU
		{A15368CC-E0F9-4017-9D62-8BF249F06017}.Release|Any CPU.ActiveCfg = Release|Any CPU
		{A15368CC-E0F9-4017-9D62-8BF249F06017}.Release|Any CPU.Build.0 = Release|Any CPU
		{5054D6AB-0402-43EA-9CC3-4077E5D8D912}.Debug|Any CPU.ActiveCfg = Debug|Any CPU
		{5054D6AB-0402-43EA-9CC3-4077E5D8D912}.Debug|Any CPU.Build.0 = Debug|Any CPU
		{5054D6AB-0402-43EA-9CC3-4077E5D8D912}.Release|Any CPU.ActiveCfg = Release|Any CPU
		{5054D6AB-0402-43EA-9CC3-4077E5D8D912}.Release|Any CPU.Build.0 = Release|Any CPU
		{9BDB447F-54A3-4049-9009-7A0F9C4EF4DA}.Debug|Any CPU.ActiveCfg = Debug|Any CPU
		{9BDB447F-54A3-4049-9009-7A0F9C4EF4DA}.Debug|Any CPU.Build.0 = Debug|Any CPU
		{9BDB447F-54A3-4049-9009-7A0F9C4EF4DA}.Release|Any CPU.ActiveCfg = Release|Any CPU
		{9BDB447F-54A3-4049-9009-7A0F9C4EF4DA}.Release|Any CPU.Build.0 = Release|Any CPU
	EndGlobalSection
	GlobalSection(SolutionProperties) = preSolution
		HideSolutionNode = FALSE
	EndGlobalSection
	GlobalSection(ExtensibilityGlobals) = postSolution
		SolutionGuid = {4B440BA7-4ADD-47C8-BA4C-50ACB7DCDE20}
	EndGlobalSection
EndGlobal
