
Microsoft Visual Studio Solution File, Format Version 12.00
# Visual Studio Version 16
VisualStudioVersion = 16.0.31729.503
MinimumVisualStudioVersion = 10.0.40219.1
Project("{FAE04EC0-301F-11D3-BF4B-00C04F79EFBC}") = "JX_Rank_Component", "JX_Rank_Component.csproj", "{77AB0D8D-CCED-44E1-A077-5A0078D230F5}"
EndProject
Global
	GlobalSection(SolutionConfigurationPlatforms) = preSolution
		Debug|Any CPU = Debug|Any CPU
		Release|Any CPU = Release|Any CPU
	EndGlobalSection
	GlobalSection(ProjectConfigurationPlatforms) = postSolution
		{77AB0D8D-CCED-44E1-A077-5A0078D230F5}.Debug|Any CPU.ActiveCfg = Debug|Any CPU
		{77AB0D8D-CCED-44E1-A077-5A0078D230F5}.Debug|Any CPU.Build.0 = Debug|Any CPU
		{77AB0D8D-CCED-44E1-A077-5A0078D230F5}.Release|Any CPU.ActiveCfg = Release|Any CPU
		{77AB0D8D-CCED-44E1-A077-5A0078D230F5}.Release|Any CPU.Build.0 = Release|Any CPU
	EndGlobalSection
	GlobalSection(SolutionProperties) = preSolution
		HideSolutionNode = FALSE
	EndGlobalSection
	GlobalSection(ExtensibilityGlobals) = postSolution
		SolutionGuid = {14588F93-2E9E-443A-B3D8-E8350A74C12A}
	EndGlobalSection
EndGlobal
